packages:
  - package: dbt-labs/codegen
    version: 0.12.1
  - git: https://github.com/netbek/dbt_audit
    revision: c7d7175dd738f8ca7e0807c773423d7dda7175b2
  - package: dbt-labs/dbt_utils
    version: 1.3.0
  - package: pvcy/dbt_privacy
    version: 0.3.1
sha1_hash: 0507b672836cb545788b54c02ab9550db50b81aa
