packages:
  - package: dbt-labs/codegen
    version: 0.12.1
  - git: https://github.com/netbek/dbt_audit
    revision: d15994a8a8c2dcb63bc9b4fcb6ac072b4f71aa0f
  - git: https://github.com/netbek/dbt_peerdb
    revision: 3d35da5c529774e2bfcec7a2ee1673c5d8bb8e72
  - package: dbt-labs/dbt_utils
    version: 1.3.0
  - package: pvcy/dbt_privacy
    version: 0.3.1
sha1_hash: 337960bb33b13281cac1928759c13f62b4e9ebb6
