packages:
  - package: dbt-labs/codegen
    version: 0.12.1
  - git: https://github.com/netbek/dbt_audit
    revision: 6473492514c83585912f02856776a9284cf42365
  - git: https://github.com/netbek/dbt_peerdb
    revision: 44adf9bf4f13a2694fec77aac2242fa05a3a0702
  - package: dbt-labs/dbt_utils
    version: 1.3.0
  - package: pvcy/dbt_privacy
    version: 0.3.1
sha1_hash: b414ec1feaab205c3ddfb93cc76b0f9310a5d137
